// !$*UTF8*$!
{
	archiveVersion = 1;
	classes = {
	};
	objectVersion = 56;
	objects = {

/* Begin PBXBuildFile section */
		93AA8DA42A3883A70038892B /* EmployeeListWithSwiftDataApp.swift in Sources */ = {isa = PBXBuildFile; fileRef = 93AA8DA32A3883A70038892B /* EmployeeListWithSwiftDataApp.swift */; };
		93AA8DA62A3883A70038892B /* ContentView.swift in Sources */ = {isa = PBXBuildFile; fileRef = 93AA8DA52A3883A70038892B /* ContentView.swift */; };
		93AA8DA82A3883A90038892B /* Assets.xcassets in Resources */ = {isa = PBXBuildFile; fileRef = 93AA8DA72A3883A90038892B /* Assets.xcassets */; };
		93AA8DAB2A3883A90038892B /* Preview Assets.xcassets in Resources */ = {isa = PBXBuildFile; fileRef = 93AA8DAA2A3883A90038892B /* Preview Assets.xcassets */; };
		93AA8DAD2A3883A90038892B /* Item.swift in Sources */ = {isa = PBXBuildFile; fileRef = 93AA8DAC2A3883A90038892B /* Item.swift */; };
		93AA8DB72A3883A90038892B /* EmployeeListWithSwiftDataTests.swift in Sources */ = {isa = PBXBuildFile; fileRef = 93AA8DB62A3883A90038892B /* EmployeeListWithSwiftDataTests.swift */; };
		93AA8DC12A3883A90038892B /* EmployeeListWithSwiftDataUITests.swift in Sources */ = {isa = PBXBuildFile; fileRef = 93AA8DC02A3883A90038892B /* EmployeeListWithSwiftDataUITests.swift */; };
		93AA8DC32A3883A90038892B /* EmployeeListWithSwiftDataUITestsLaunchTests.swift in Sources */ = {isa = PBXBuildFile; fileRef = 93AA8DC22A3883A90038892B /* EmployeeListWithSwiftDataUITestsLaunchTests.swift */; };
/* End PBXBuildFile section */

/* Begin PBXContainerItemProxy section */
		93AA8DB32A3883A90038892B /* PBXContainerItemProxy */ = {
			isa = PBXContainerItemProxy;
			containerPortal = 93AA8D982A3883A70038892B /* Project object */;
			proxyType = 1;
			remoteGlobalIDString = 93AA8D9F2A3883A70038892B;
			remoteInfo = EmployeeListWithSwiftData;
		};
		93AA8DBD2A3883A90038892B /* PBXContainerItemProxy */ = {
			isa = PBXContainerItemProxy;
			containerPortal = 93AA8D982A3883A70038892B /* Project object */;
			proxyType = 1;
			remoteGlobalIDString = 93AA8D9F2A3883A70038892B;
			remoteInfo = EmployeeListWithSwiftData;
		};
/* End PBXContainerItemProxy section */

/* Begin PBXFileReference section */
		93AA8DA02A3883A70038892B /* EmployeeListWithSwiftData.app */ = {isa = PBXFileReference; explicitFileType = wrapper.application; includeInIndex = 0; path = EmployeeListWithSwiftData.app; sourceTree = BUILT_PRODUCTS_DIR; };
		93AA8DA32A3883A70038892B /* EmployeeListWithSwiftDataApp.swift */ = {isa = PBXFileReference; lastKnownFileType = sourcecode.swift; path = EmployeeListWithSwiftDataApp.swift; sourceTree = "<group>"; };
		93AA8DA52A3883A70038892B /* ContentView.swift */ = {isa = PBXFileReference; lastKnownFileType = sourcecode.swift; path = ContentView.swift; sourceTree = "<group>"; };
		93AA8DA72A3883A90038892B /* Assets.xcassets */ = {isa = PBXFileReference; lastKnownFileType = folder.assetcatalog; path = Assets.xcassets; sourceTree = "<group>"; };
		93AA8DAA2A3883A90038892B /* Preview Assets.xcassets */ = {isa = PBXFileReference; lastKnownFileType = folder.assetcatalog; path = "Preview Assets.xcassets"; sourceTree = "<group>"; };
		93AA8DAC2A3883A90038892B /* Item.swift */ = {isa = PBXFileReference; lastKnownFileType = sourcecode.swift; path = Item.swift; sourceTree = "<group>"; };
		93AA8DB22A3883A90038892B /* EmployeeListWithSwiftDataTests.xctest */ = {isa = PBXFileReference; explicitFileType = wrapper.cfbundle; includeInIndex = 0; path = EmployeeListWithSwiftDataTests.xctest; sourceTree = BUILT_PRODUCTS_DIR; };
		93AA8DB62A3883A90038892B /* EmployeeListWithSwiftDataTests.swift */ = {isa = PBXFileReference; lastKnownFileType = sourcecode.swift; path = EmployeeListWithSwiftDataTests.swift; sourceTree = "<group>"; };
		93AA8DBC2A3883A90038892B /* EmployeeListWithSwiftDataUITests.xctest */ = {isa = PBXFileReference; explicitFileType = wrapper.cfbundle; includeInIndex = 0; path = EmployeeListWithSwiftDataUITests.xctest; sourceTree = BUILT_PRODUCTS_DIR; };
		93AA8DC02A3883A90038892B /* EmployeeListWithSwiftDataUITests.swift */ = {isa = PBXFileReference; lastKnownFileType = sourcecode.swift; path = EmployeeListWithSwiftDataUITests.swift; sourceTree = "<group>"; };
		93AA8DC22A3883A90038892B /* EmployeeListWithSwiftDataUITestsLaunchTests.swift */ = {isa = PBXFileReference; lastKnownFileType = sourcecode.swift; path = EmployeeListWithSwiftDataUITestsLaunchTests.swift; sourceTree = "<group>"; };
/* End PBXFileReference section */

/* Begin PBXFrameworksBuildPhase section */
		93AA8D9D2A3883A70038892B /* Frameworks */ = {
			isa = PBXFrameworksBuildPhase;
			buildActionMask = 2147483647;
			files = (
			);
			runOnlyForDeploymentPostprocessing = 0;
		};
		93AA8DAF2A3883A90038892B /* Frameworks */ = {
			isa = PBXFrameworksBuildPhase;
			buildActionMask = 2147483647;
			files = (
			);
			runOnlyForDeploymentPostprocessing = 0;
		};
		93AA8DB92A3883A90038892B /* Frameworks */ = {
			isa = PBXFrameworksBuildPhase;
			buildActionMask = 2147483647;
			files = (
			);
			runOnlyForDeploymentPostprocessing = 0;
		};
/* End PBXFrameworksBuildPhase section */

/* Begin PBXGroup section */
		93AA8D972A3883A70038892B = {
			isa = PBXGroup;
			children = (
				93AA8DA22A3883A70038892B /* EmployeeListWithSwiftData */,
				93AA8DB52A3883A90038892B /* EmployeeListWithSwiftDataTests */,
				93AA8DBF2A3883A90038892B /* EmployeeListWithSwiftDataUITests */,
				93AA8DA12A3883A70038892B /* Products */,
			);
			sourceTree = "<group>";
		};
		93AA8DA12A3883A70038892B /* Products */ = {
			isa = PBXGroup;
			children = (
				93AA8DA02A3883A70038892B /* EmployeeListWithSwiftData.app */,
				93AA8DB22A3883A90038892B /* EmployeeListWithSwiftDataTests.xctest */,
				93AA8DBC2A3883A90038892B /* EmployeeListWithSwiftDataUITests.xctest */,
			);
			name = Products;
			sourceTree = "<group>";
		};
		93AA8DA22A3883A70038892B /* EmployeeListWithSwiftData */ = {
			isa = PBXGroup;
			children = (
				93AA8DA32A3883A70038892B /* EmployeeListWithSwiftDataApp.swift */,
				93AA8DA52A3883A70038892B /* ContentView.swift */,
				93AA8DA72A3883A90038892B /* Assets.xcassets */,
				93AA8DAC2A3883A90038892B /* Item.swift */,
				93AA8DA92A3883A90038892B /* Preview Content */,
			);
			path = EmployeeListWithSwiftData;
			sourceTree = "<group>";
		};
		93AA8DA92A3883A90038892B /* Preview Content */ = {
			isa = PBXGroup;
			children = (
				93AA8DAA2A3883A90038892B /* Preview Assets.xcassets */,
			);
			path = "Preview Content";
			sourceTree = "<group>";
		};
		93AA8DB52A3883A90038892B /* EmployeeListWithSwiftDataTests */ = {
			isa = PBXGroup;
			children = (
				93AA8DB62A3883A90038892B /* EmployeeListWithSwiftDataTests.swift */,
			);
			path = EmployeeListWithSwiftDataTests;
			sourceTree = "<group>";
		};
		93AA8DBF2A3883A90038892B /* EmployeeListWithSwiftDataUITests */ = {
			isa = PBXGroup;
			children = (
				93AA8DC02A3883A90038892B /* EmployeeListWithSwiftDataUITests.swift */,
				93AA8DC22A3883A90038892B /* EmployeeListWithSwiftDataUITestsLaunchTests.swift */,
			);
			path = EmployeeListWithSwiftDataUITests;
			sourceTree = "<group>";
		};
/* End PBXGroup section */

/* Begin PBXNativeTarget section */
		93AA8D9F2A3883A70038892B /* EmployeeListWithSwiftData */ = {
			isa = PBXNativeTarget;
			buildConfigurationList = 93AA8DC62A3883A90038892B /* Build configuration list for PBXNativeTarget "EmployeeListWithSwiftData" */;
			buildPhases = (
				93AA8D9C2A3883A70038892B /* Sources */,
				93AA8D9D2A3883A70038892B /* Frameworks */,
				93AA8D9E2A3883A70038892B /* Resources */,
			);
			buildRules = (
			);
			dependencies = (
			);
			name = EmployeeListWithSwiftData;
			productName = EmployeeListWithSwiftData;
			productReference = 93AA8DA02A3883A70038892B /* EmployeeListWithSwiftData.app */;
			productType = "com.apple.product-type.application";
		};
		93AA8DB12A3883A90038892B /* EmployeeListWithSwiftDataTests */ = {
			isa = PBXNativeTarget;
			buildConfigurationList = 93AA8DC92A3883A90038892B /* Build configuration list for PBXNativeTarget "EmployeeListWithSwiftDataTests" */;
			buildPhases = (
				93AA8DAE2A3883A90038892B /* Sources */,
				93AA8DAF2A3883A90038892B /* Frameworks */,
				93AA8DB02A3883A90038892B /* Resources */,
			);
			buildRules = (
			);
			dependencies = (
				93AA8DB42A3883A90038892B /* PBXTargetDependency */,
			);
			name = EmployeeListWithSwiftDataTests;
			productName = EmployeeListWithSwiftDataTests;
			productReference = 93AA8DB22A3883A90038892B /* EmployeeListWithSwiftDataTests.xctest */;
			productType = "com.apple.product-type.bundle.unit-test";
		};
		93AA8DBB2A3883A90038892B /* EmployeeListWithSwiftDataUITests */ = {
			isa = PBXNativeTarget;
			buildConfigurationList = 93AA8DCC2A3883A90038892B /* Build configuration list for PBXNativeTarget "EmployeeListWithSwiftDataUITests" */;
			buildPhases = (
				93AA8DB82A3883A90038892B /* Sources */,
				93AA8DB92A3883A90038892B /* Frameworks */,
				93AA8DBA2A3883A90038892B /* Resources */,
			);
			buildRules = (
			);
			dependencies = (
				93AA8DBE2A3883A90038892B /* PBXTargetDependency */,
			);
			name = EmployeeListWithSwiftDataUITests;
			productName = EmployeeListWithSwiftDataUITests;
			productReference = 93AA8DBC2A3883A90038892B /* EmployeeListWithSwiftDataUITests.xctest */;
			productType = "com.apple.product-type.bundle.ui-testing";
		};
/* End PBXNativeTarget section */

/* Begin PBXProject section */
		93AA8D982A3883A70038892B /* Project object */ = {
			isa = PBXProject;
			attributes = {
				BuildIndependentTargetsInParallel = 1;
				LastSwiftUpdateCheck = 1500;
				LastUpgradeCheck = 1500;
				TargetAttributes = {
					93AA8D9F2A3883A70038892B = {
						CreatedOnToolsVersion = 15.0;
					};
					93AA8DB12A3883A90038892B = {
						CreatedOnToolsVersion = 15.0;
						TestTargetID = 93AA8D9F2A3883A70038892B;
					};
					93AA8DBB2A3883A90038892B = {
						CreatedOnToolsVersion = 15.0;
						TestTargetID = 93AA8D9F2A3883A70038892B;
					};
				};
			};
			buildConfigurationList = 93AA8D9B2A3883A70038892B /* Build configuration list for PBXProject "EmployeeListWithSwiftData" */;
			compatibilityVersion = "Xcode 14.0";
			developmentRegion = en;
			hasScannedForEncodings = 0;
			knownRegions = (
				en,
				Base,
			);
			mainGroup = 93AA8D972A3883A70038892B;
			productRefGroup = 93AA8DA12A3883A70038892B /* Products */;
			projectDirPath = "";
			projectRoot = "";
			targets = (
				93AA8D9F2A3883A70038892B /* EmployeeListWithSwiftData */,
				93AA8DB12A3883A90038892B /* EmployeeListWithSwiftDataTests */,
				93AA8DBB2A3883A90038892B /* EmployeeListWithSwiftDataUITests */,
			);
		};
/* End PBXProject section */

/* Begin PBXResourcesBuildPhase section */
		93AA8D9E2A3883A70038892B /* Resources */ = {
			isa = PBXResourcesBuildPhase;
			buildActionMask = 2147483647;
			files = (
				93AA8DAB2A3883A90038892B /* Preview Assets.xcassets in Resources */,
				93AA8DA82A3883A90038892B /* Assets.xcassets in Resources */,
			);
			runOnlyForDeploymentPostprocessing = 0;
		};
		93AA8DB02A3883A90038892B /* Resources */ = {
			isa = PBXResourcesBuildPhase;
			buildActionMask = 2147483647;
			files = (
			);
			runOnlyForDeploymentPostprocessing = 0;
		};
		93AA8DBA2A3883A90038892B /* Resources */ = {
			isa = PBXResourcesBuildPhase;
			buildActionMask = 2147483647;
			files = (
			);
			runOnlyForDeploymentPostprocessing = 0;
		};
/* End PBXResourcesBuildPhase section */

/* Begin PBXSourcesBuildPhase section */
		93AA8D9C2A3883A70038892B /* Sources */ = {
			isa = PBXSourcesBuildPhase;
			buildActionMask = 2147483647;
			files = (
				93AA8DA62A3883A70038892B /* ContentView.swift in Sources */,
				93AA8DAD2A3883A90038892B /* Item.swift in Sources */,
				93AA8DA42A3883A70038892B /* EmployeeListWithSwiftDataApp.swift in Sources */,
			);
			runOnlyForDeploymentPostprocessing = 0;
		};
		93AA8DAE2A3883A90038892B /* Sources */ = {
			isa = PBXSourcesBuildPhase;
			buildActionMask = 2147483647;
			files = (
				93AA8DB72A3883A90038892B /* EmployeeListWithSwiftDataTests.swift in Sources */,
			);
			runOnlyForDeploymentPostprocessing = 0;
		};
		93AA8DB82A3883A90038892B /* Sources */ = {
			isa = PBXSourcesBuildPhase;
			buildActionMask = 2147483647;
			files = (
				93AA8DC32A3883A90038892B /* EmployeeListWithSwiftDataUITestsLaunchTests.swift in Sources */,
				93AA8DC12A3883A90038892B /* EmployeeListWithSwiftDataUITests.swift in Sources */,
			);
			runOnlyForDeploymentPostprocessing = 0;
		};
/* End PBXSourcesBuildPhase section */

/* Begin PBXTargetDependency section */
		93AA8DB42A3883A90038892B /* PBXTargetDependency */ = {
			isa = PBXTargetDependency;
			target = 93AA8D9F2A3883A70038892B /* EmployeeListWithSwiftData */;
			targetProxy = 93AA8DB32A3883A90038892B /* PBXContainerItemProxy */;
		};
		93AA8DBE2A3883A90038892B /* PBXTargetDependency */ = {
			isa = PBXTargetDependency;
			target = 93AA8D9F2A3883A70038892B /* EmployeeListWithSwiftData */;
			targetProxy = 93AA8DBD2A3883A90038892B /* PBXContainerItemProxy */;
		};
/* End PBXTargetDependency section */

/* Begin XCBuildConfiguration section */
		93AA8DC42A3883A90038892B /* Debug */ = {
			isa = XCBuildConfiguration;
			buildSettings = {
				ALWAYS_SEARCH_USER_PATHS = NO;
				ASSETCATALOG_COMPILER_GENERATE_SWIFT_ASSET_SYMBOL_EXTENSIONS = YES;
				CLANG_ANALYZER_NONNULL = YES;
				CLANG_ANALYZER_NUMBER_OBJECT_CONVERSION = YES_AGGRESSIVE;
				CLANG_CXX_LANGUAGE_STANDARD = "gnu++20";
				CLANG_ENABLE_MODULES = YES;
				CLANG_ENABLE_OBJC_ARC = YES;
				CLANG_ENABLE_OBJC_WEAK = YES;
				CLANG_WARN_BLOCK_CAPTURE_AUTORELEASING = YES;
				CLANG_WARN_BOOL_CONVERSION = YES;
				CLANG_WARN_COMMA = YES;
				CLANG_WARN_CONSTANT_CONVERSION = YES;
				CLANG_WARN_DEPRECATED_OBJC_IMPLEMENTATIONS = YES;
				CLANG_WARN_DIRECT_OBJC_ISA_USAGE = YES_ERROR;
				CLANG_WARN_DOCUMENTATION_COMMENTS = YES;
				CLANG_WARN_EMPTY_BODY = YES;
				CLANG_WARN_ENUM_CONVERSION = YES;
				CLANG_WARN_INFINITE_RECURSION = YES;
				CLANG_WARN_INT_CONVERSION = YES;
				CLANG_WARN_NON_LITERAL_NULL_CONVERSION = YES;
				CLANG_WARN_OBJC_IMPLICIT_RETAIN_SELF = YES;
				CLANG_WARN_OBJC_LITERAL_CONVERSION = YES;
				CLANG_WARN_OBJC_ROOT_CLASS = YES_ERROR;
				CLANG_WARN_QUOTED_INCLUDE_IN_FRAMEWORK_HEADER = YES;
				CLANG_WARN_RANGE_LOOP_ANALYSIS = YES;
				CLANG_WARN_STRICT_PROTOTYPES = YES;
				CLANG_WARN_SUSPICIOUS_MOVE = YES;
				CLANG_WARN_UNGUARDED_AVAILABILITY = YES_AGGRESSIVE;
				CLANG_WARN_UNREACHABLE_CODE = YES;
				CLANG_WARN__DUPLICATE_METHOD_MATCH = YES;
				COPY_PHASE_STRIP = NO;
				DEBUG_INFORMATION_FORMAT = dwarf;
				ENABLE_STRICT_OBJC_MSGSEND = YES;
				ENABLE_TESTABILITY = YES;
				ENABLE_USER_SCRIPT_SANDBOXING = YES;
				GCC_C_LANGUAGE_STANDARD = gnu17;
				GCC_DYNAMIC_NO_PIC = NO;
				GCC_NO_COMMON_BLOCKS = YES;
				GCC_OPTIMIZATION_LEVEL = 0;
				GCC_PREPROCESSOR_DEFINITIONS = (
					"DEBUG=1",
					"$(inherited)",
				);
				GCC_WARN_64_TO_32_BIT_CONVERSION = YES;
				GCC_WARN_ABOUT_RETURN_TYPE = YES_ERROR;
				GCC_WARN_UNDECLARED_SELECTOR = YES;
				GCC_WARN_UNINITIALIZED_AUTOS = YES_AGGRESSIVE;
				GCC_WARN_UNUSED_FUNCTION = YES;
				GCC_WARN_UNUSED_VARIABLE = YES;
				IPHONEOS_DEPLOYMENT_TARGET = 17.0;
				LOCALIZATION_PREFERS_STRING_CATALOGS = YES;
				MTL_ENABLE_DEBUG_INFO = INCLUDE_SOURCE;
				MTL_FAST_MATH = YES;
				ONLY_ACTIVE_ARCH = YES;
				SDKROOT = iphoneos;
				SWIFT_ACTIVE_COMPILATION_CONDITIONS = "DEBUG $(inherited)";
				SWIFT_OPTIMIZATION_LEVEL = "-Onone";
			};
			name = Debug;
		};
		93AA8DC52A3883A90038892B /* Release */ = {
			isa = XCBuildConfiguration;
			buildSettings = {
				ALWAYS_SEARCH_USER_PATHS = NO;
				ASSETCATALOG_COMPILER_GENERATE_SWIFT_ASSET_SYMBOL_EXTENSIONS = YES;
				CLANG_ANALYZER_NONNULL = YES;
				CLANG_ANALYZER_NUMBER_OBJECT_CONVERSION = YES_AGGRESSIVE;
				CLANG_CXX_LANGUAGE_STANDARD = "gnu++20";
				CLANG_ENABLE_MODULES = YES;
				CLANG_ENABLE_OBJC_ARC = YES;
				CLANG_ENABLE_OBJC_WEAK = YES;
				CLANG_WARN_BLOCK_CAPTURE_AUTORELEASING = YES;
				CLANG_WARN_BOOL_CONVERSION = YES;
				CLANG_WARN_COMMA = YES;
				CLANG_WARN_CONSTANT_CONVERSION = YES;
				CLANG_WARN_DEPRECATED_OBJC_IMPLEMENTATIONS = YES;
				CLANG_WARN_DIRECT_OBJC_ISA_USAGE = YES_ERROR;
				CLANG_WARN_DOCUMENTATION_COMMENTS = YES;
				CLANG_WARN_EMPTY_BODY = YES;
				CLANG_WARN_ENUM_CONVERSION = YES;
				CLANG_WARN_INFINITE_RECURSION = YES;
				CLANG_WARN_INT_CONVERSION = YES;
				CLANG_WARN_NON_LITERAL_NULL_CONVERSION = YES;
				CLANG_WARN_OBJC_IMPLICIT_RETAIN_SELF = YES;
				CLANG_WARN_OBJC_LITERAL_CONVERSION = YES;
				CLANG_WARN_OBJC_ROOT_CLASS = YES_ERROR;
				CLANG_WARN_QUOTED_INCLUDE_IN_FRAMEWORK_HEADER = YES;
				CLANG_WARN_RANGE_LOOP_ANALYSIS = YES;
				CLANG_WARN_STRICT_PROTOTYPES = YES;
				CLANG_WARN_SUSPICIOUS_MOVE = YES;
				CLANG_WARN_UNGUARDED_AVAILABILITY = YES_AGGRESSIVE;
				CLANG_WARN_UNREACHABLE_CODE = YES;
				CLANG_WARN__DUPLICATE_METHOD_MATCH = YES;
				COPY_PHASE_STRIP = NO;
				DEBUG_INFORMATION_FORMAT = "dwarf-with-dsym";
				ENABLE_NS_ASSERTIONS = NO;
				ENABLE_STRICT_OBJC_MSGSEND = YES;
				ENABLE_USER_SCRIPT_SANDBOXING = YES;
				GCC_C_LANGUAGE_STANDARD = gnu17;
				GCC_NO_COMMON_BLOCKS = YES;
				GCC_WARN_64_TO_32_BIT_CONVERSION = YES;
				GCC_WARN_ABOUT_RETURN_TYPE = YES_ERROR;
				GCC_WARN_UNDECLARED_SELECTOR = YES;
				GCC_WARN_UNINITIALIZED_AUTOS = YES_AGGRESSIVE;
				GCC_WARN_UNUSED_FUNCTION = YES;
				GCC_WARN_UNUSED_VARIABLE = YES;
				IPHONEOS_DEPLOYMENT_TARGET = 17.0;
				LOCALIZATION_PREFERS_STRING_CATALOGS = YES;
				MTL_ENABLE_DEBUG_INFO = NO;
				MTL_FAST_MATH = YES;
				SDKROOT = iphoneos;
				SWIFT_COMPILATION_MODE = wholemodule;
				VALIDATE_PRODUCT = YES;
			};
			name = Release;
		};
		93AA8DC72A3883A90038892B /* Debug */ = {
			isa = XCBuildConfiguration;
			buildSettings = {
				ASSETCATALOG_COMPILER_APPICON_NAME = AppIcon;
				ASSETCATALOG_COMPILER_GLOBAL_ACCENT_COLOR_NAME = AccentColor;
				CODE_SIGN_STYLE = Automatic;
				CURRENT_PROJECT_VERSION = 1;
				DEVELOPMENT_ASSET_PATHS = "\"EmployeeListWithSwiftData/Preview Content\"";
				DEVELOPMENT_TEAM = TN4V5K6NT6;
				ENABLE_PREVIEWS = YES;
				GENERATE_INFOPLIST_FILE = YES;
				INFOPLIST_KEY_UIApplicationSceneManifest_Generation = YES;
				INFOPLIST_KEY_UIApplicationSupportsIndirectInputEvents = YES;
				INFOPLIST_KEY_UILaunchScreen_Generation = YES;
				INFOPLIST_KEY_UISupportedInterfaceOrientations_iPad = "UIInterfaceOrientationPortrait UIInterfaceOrientationPortraitUpsideDown UIInterfaceOrientationLandscapeLeft UIInterfaceOrientationLandscapeRight";
				INFOPLIST_KEY_UISupportedInterfaceOrientations_iPhone = "UIInterfaceOrientationPortrait UIInterfaceOrientationLandscapeLeft UIInterfaceOrientationLandscapeRight";
				LD_RUNPATH_SEARCH_PATHS = (
					"$(inherited)",
					"@executable_path/Frameworks",
				);
				MARKETING_VERSION = 1.0;
				PRODUCT_BUNDLE_IDENTIFIER = io.roro.EmployeeListWithSwiftData.EmployeeListWithSwiftData;
				PRODUCT_NAME = "$(TARGET_NAME)";
				SWIFT_EMIT_LOC_STRINGS = YES;
				SWIFT_VERSION = 5.0;
				TARGETED_DEVICE_FAMILY = "1,2";
			};
			name = Debug;
		};
		93AA8DC82A3883A90038892B /* Release */ = {
			isa = XCBuildConfiguration;
			buildSettings = {
				ASSETCATALOG_COMPILER_APPICON_NAME = AppIcon;
				ASSETCATALOG_COMPILER_GLOBAL_ACCENT_COLOR_NAME = AccentColor;
				CODE_SIGN_STYLE = Automatic;
				CURRENT_PROJECT_VERSION = 1;
				DEVELOPMENT_ASSET_PATHS = "\"EmployeeListWithSwiftData/Preview Content\"";
				DEVELOPMENT_TEAM = TN4V5K6NT6;
				ENABLE_PREVIEWS = YES;
				GENERATE_INFOPLIST_FILE = YES;
				INFOPLIST_KEY_UIApplicationSceneManifest_Generation = YES;
				INFOPLIST_KEY_UIApplicationSupportsIndirectInputEvents = YES;
				INFOPLIST_KEY_UILaunchScreen_Generation = YES;
				INFOPLIST_KEY_UISupportedInterfaceOrientations_iPad = "UIInterfaceOrientationPortrait UIInterfaceOrientationPortraitUpsideDown UIInterfaceOrientationLandscapeLeft UIInterfaceOrientationLandscapeRight";
				INFOPLIST_KEY_UISupportedInterfaceOrientations_iPhone = "UIInterfaceOrientationPortrait UIInterfaceOrientationLandscapeLeft UIInterfaceOrientationLandscapeRight";
				LD_RUNPATH_SEARCH_PATHS = (
					"$(inherited)",
					"@executable_path/Frameworks",
				);
				MARKETING_VERSION = 1.0;
				PRODUCT_BUNDLE_IDENTIFIER = io.roro.EmployeeListWithSwiftData.EmployeeListWithSwiftData;
				PRODUCT_NAME = "$(TARGET_NAME)";
				SWIFT_EMIT_LOC_STRINGS = YES;
				SWIFT_VERSION = 5.0;
				TARGETED_DEVICE_FAMILY = "1,2";
			};
			name = Release;
		};
		93AA8DCA2A3883A90038892B /* Debug */ = {
			isa = XCBuildConfiguration;
			buildSettings = {
				ALWAYS_EMBED_SWIFT_STANDARD_LIBRARIES = YES;
				BUNDLE_LOADER = "$(TEST_HOST)";
				CODE_SIGN_STYLE = Automatic;
				CURRENT_PROJECT_VERSION = 1;
				DEVELOPMENT_TEAM = TN4V5K6NT6;
				GENERATE_INFOPLIST_FILE = YES;
				IPHONEOS_DEPLOYMENT_TARGET = 17.0;
				MARKETING_VERSION = 1.0;
				PRODUCT_BUNDLE_IDENTIFIER = io.roro.EmployeeListWithSwiftData.EmployeeListWithSwiftDataTests;
				PRODUCT_NAME = "$(TARGET_NAME)";
				SWIFT_EMIT_LOC_STRINGS = NO;
				SWIFT_VERSION = 5.0;
				TARGETED_DEVICE_FAMILY = "1,2";
				TEST_HOST = "$(BUILT_PRODUCTS_DIR)/EmployeeListWithSwiftData.app/$(BUNDLE_EXECUTABLE_FOLDER_PATH)/EmployeeListWithSwiftData";
			};
			name = Debug;
		};
		93AA8DCB2A3883A90038892B /* Release */ = {
			isa = XCBuildConfiguration;
			buildSettings = {
				ALWAYS_EMBED_SWIFT_STANDARD_LIBRARIES = YES;
				BUNDLE_LOADER = "$(TEST_HOST)";
				CODE_SIGN_STYLE = Automatic;
				CURRENT_PROJECT_VERSION = 1;
				DEVELOPMENT_TEAM = TN4V5K6NT6;
				GENERATE_INFOPLIST_FILE = YES;
				IPHONEOS_DEPLOYMENT_TARGET = 17.0;
				MARKETING_VERSION = 1.0;
				PRODUCT_BUNDLE_IDENTIFIER = io.roro.EmployeeListWithSwiftData.EmployeeListWithSwiftDataTests;
				PRODUCT_NAME = "$(TARGET_NAME)";
				SWIFT_EMIT_LOC_STRINGS = NO;
				SWIFT_VERSION = 5.0;
				TARGETED_DEVICE_FAMILY = "1,2";
				TEST_HOST = "$(BUILT_PRODUCTS_DIR)/EmployeeListWithSwiftData.app/$(BUNDLE_EXECUTABLE_FOLDER_PATH)/EmployeeListWithSwiftData";
			};
			name = Release;
		};
		93AA8DCD2A3883A90038892B /* Debug */ = {
			isa = XCBuildConfiguration;
			buildSettings = {
				ALWAYS_EMBED_SWIFT_STANDARD_LIBRARIES = YES;
				CODE_SIGN_STYLE = Automatic;
				CURRENT_PROJECT_VERSION = 1;
				DEVELOPMENT_TEAM = TN4V5K6NT6;
				GENERATE_INFOPLIST_FILE = YES;
				MARKETING_VERSION = 1.0;
				PRODUCT_BUNDLE_IDENTIFIER = io.roro.EmployeeListWithSwiftData.EmployeeListWithSwiftDataUITests;
				PRODUCT_NAME = "$(TARGET_NAME)";
				SWIFT_EMIT_LOC_STRINGS = NO;
				SWIFT_VERSION = 5.0;
				TARGETED_DEVICE_FAMILY = "1,2";
				TEST_TARGET_NAME = EmployeeListWithSwiftData;
			};
			name = Debug;
		};
		93AA8DCE2A3883A90038892B /* Release */ = {
			isa = XCBuildConfiguration;
			buildSettings = {
				ALWAYS_EMBED_SWIFT_STANDARD_LIBRARIES = YES;
				CODE_SIGN_STYLE = Automatic;
				CURRENT_PROJECT_VERSION = 1;
				DEVELOPMENT_TEAM = TN4V5K6NT6;
				GENERATE_INFOPLIST_FILE = YES;
				MARKETING_VERSION = 1.0;
				PRODUCT_BUNDLE_IDENTIFIER = io.roro.EmployeeListWithSwiftData.EmployeeListWithSwiftDataUITests;
				PRODUCT_NAME = "$(TARGET_NAME)";
				SWIFT_EMIT_LOC_STRINGS = NO;
				SWIFT_VERSION = 5.0;
				TARGETED_DEVICE_FAMILY = "1,2";
				TEST_TARGET_NAME = EmployeeListWithSwiftData;
			};
			name = Release;
		};
/* End XCBuildConfiguration section */

/* Begin XCConfigurationList section */
		93AA8D9B2A3883A70038892B /* Build configuration list for PBXProject "EmployeeListWithSwiftData" */ = {
			isa = XCConfigurationList;
			buildConfigurations = (
				93AA8DC42A3883A90038892B /* Debug */,
				93AA8DC52A3883A90038892B /* Release */,
			);
			defaultConfigurationIsVisible = 0;
			defaultConfigurationName = Release;
		};
		93AA8DC62A3883A90038892B /* Build configuration list for PBXNativeTarget "EmployeeListWithSwiftData" */ = {
			isa = XCConfigurationList;
			buildConfigurations = (
				93AA8DC72A3883A90038892B /* Debug */,
				93AA8DC82A3883A90038892B /* Release */,
			);
			defaultConfigurationIsVisible = 0;
			defaultConfigurationName = Release;
		};
		93AA8DC92A3883A90038892B /* Build configuration list for PBXNativeTarget "EmployeeListWithSwiftDataTests" */ = {
			isa = XCConfigurationList;
			buildConfigurations = (
				93AA8DCA2A3883A90038892B /* Debug */,
				93AA8DCB2A3883A90038892B /* Release */,
			);
			defaultConfigurationIsVisible = 0;
			defaultConfigurationName = Release;
		};
		93AA8DCC2A3883A90038892B /* Build configuration list for PBXNativeTarget "EmployeeListWithSwiftDataUITests" */ = {
			isa = XCConfigurationList;
			buildConfigurations = (
				93AA8DCD2A3883A90038892B /* Debug */,
				93AA8DCE2A3883A90038892B /* Release */,
			);
			defaultConfigurationIsVisible = 0;
			defaultConfigurationName = Release;
		};
/* End XCConfigurationList section */
	};
	rootObject = 93AA8D982A3883A70038892B /* Project object */;
}
